
Microsoft Visual Studio Solution File, Format Version 12.00
# Visual Studio Version 17
VisualStudioVersion = 17.7.34018.315
MinimumVisualStudioVersion = 10.0.40219.1
Project("{FAE04EC0-301F-11D3-BF4B-00C04F79EFBC}") = "II8N", "II8N\II8N.csproj", "{4CA852A8-4218-4C62-A561-C27B598E7A87}"
EndProject
Global
	GlobalSection(SolutionConfigurationPlatforms) = preSolution
		Debug|Any CPU = Debug|Any CPU
		Release|Any CPU = Release|Any CPU
	EndGlobalSection
	GlobalSection(ProjectConfigurationPlatforms) = postSolution
		{4CA852A8-4218-4C62-A561-C27B598E7A87}.Debug|Any CPU.ActiveCfg = Debug|Any CPU
		{4CA852A8-4218-4C62-A561-C27B598E7A87}.Debug|Any CPU.Build.0 = Debug|Any CPU
		{4CA852A8-4218-4C62-A561-C27B598E7A87}.Release|Any CPU.ActiveCfg = Release|Any CPU
		{4CA852A8-4218-4C62-A561-C27B598E7A87}.Release|Any CPU.Build.0 = Release|Any CPU
	EndGlobalSection
	GlobalSection(SolutionProperties) = preSolution
		HideSolutionNode = FALSE
	EndGlobalSection
	GlobalSection(ExtensibilityGlobals) = postSolution
		SolutionGuid = {A7E89213-5753-44A7-BEA4-59AB6BF68BD6}
	EndGlobalSection
EndGlobal
